{
  "name": "watch-llama",
  "version": "1.0.0",
  "lockfileVersion": 3,
  "requires": true,
  "packages": {
    "": {
      "name": "watch-llama",
      "version": "1.0.0",
      "license": "ISC",
      "dependencies": {
        "@types/node": "^25.7.0",
        "blessed": "^0.1.81",
        "dotenv": "^17.4.2",
        "typescript": "^6.0.3"
      },
      "bin": {
        "llama-report": "dist/src/bin/llama-report.js",
        "llama-stats": "dist/src/bin/llama-stats.js",
        "llama-watch-readlog": "dist/src/bin/llama-watch-readlog.js",
        "watch-llama": "dist/src/bin/watch-llama.js"
      },
      "devDependencies": {
        "@types/blessed": "^0.1.27"
      }
    },
    "node_modules/@types/blessed": {
      "version": "0.1.27",
      "resolved": "https://registry.npmjs.org/@types/blessed/-/blessed-0.1.27.tgz",
      "integrity": "sha512-ZOQGjLvWDclAXp0rW5iuUBXeD6Gr1PkitN7tj7/G8FCoSzTsij6OhXusOzMKhwrZ9YlL2Pmu0d6xJ9zVvk+Hsg==",
      "dev": true,
      "license": "MIT",
      "dependencies": {
        "@types/node": "*"
      }
    },
    "node_modules/@types/node": {
      "version": "25.7.0",
      "resolved": "https://registry.npmjs.org/@types/node/-/node-25.7.0.tgz",
      "integrity": "sha512-z+pdZyxE+RTQE9AcboAZCb4otwcrvgHD+GlBpPgn0emDVt0ohrTMhAwlr2Wd9nZ+nihhYFxO2pThz3C5qSu2Eg==",
      "license": "MIT",
      "dependencies": {
        "undici-types": "~7.21.0"
      }
    },
    "node_modules/blessed": {
      "version": "0.1.81",
      "resolved": "https://registry.npmjs.org/blessed/-/blessed-0.1.81.tgz",
      "integrity": "sha512-LoF5gae+hlmfORcG1M5+5XZi4LBmvlXTzwJWzUlPryN/SJdSflZvROM2TwkT0GMpq7oqT48NRd4GS7BiVBc5OQ==",
      "license": "MIT",
      "bin": {
        "blessed": "bin/tput.js"
      },
      "engines": {
        "node": ">= 0.8.0"
      }
    },
    "node_modules/dotenv": {
      "version": "17.4.2",
      "resolved": "https://registry.npmjs.org/dotenv/-/dotenv-17.4.2.tgz",
      "integrity": "sha512-nI4U3TottKAcAD9LLud4Cb7b2QztQMUEfHbvhTH09bqXTxnSie8WnjPALV/WMCrJZ6UV/qHJ6L03OqO3LcdYZw==",
      "license": "BSD-2-Clause",
      "engines": {
        "node": ">=12"
      },
      "funding": {
        "url": "https://dotenvx.com"
      }
    },
    "node_modules/typescript": {
      "version": "6.0.3",
      "resolved": "https://registry.npmjs.org/typescript/-/typescript-6.0.3.tgz",
      "integrity": "sha512-y2TvuxSZPDyQakkFRPZHKFm+KKVqIisdg9/CZwm9ftvKXLP8NRWj38/ODjNbr43SsoXqNuAisEf1GdCxqWcdBw==",
      "license": "Apache-2.0",
      "bin": {
        "tsc": "bin/tsc",
        "tsserver": "bin/tsserver"
      },
      "engines": {
        "node": ">=14.17"
      }
    },
    "node_modules/undici-types": {
      "version": "7.21.0",
      "resolved": "https://registry.npmjs.org/undici-types/-/undici-types-7.21.0.tgz",
      "integrity": "sha512-w9IMgQrz4O0YN1LtB7K5P63vhlIOvC7opSmouCJ+ZywlPAlO9gIkJ+otk6LvGpAs2wg4econaCz3TvQ9xPoyuQ==",
      "license": "MIT"
    }
  }
}
